
Microsoft Visual Studio Solution File, Format Version 12.00
# Visual Studio Version 17
VisualStudioVersion = 17.13.35818.85 d17.13
MinimumVisualStudioVersion = 10.0.40219.1
Project("{FAE04EC0-301F-11D3-BF4B-00C04F79EFBC}") = "Background.Service", "Background.Service\Background.Service.csproj", "{BB24D99A-280F-4491-AA4B-5ACF090CCE01}"
EndProject
Global
	GlobalSection(SolutionConfigurationPlatforms) = preSolution
		Debug|Any CPU = Debug|Any CPU
		Release|Any CPU = Release|Any CPU
	EndGlobalSection
	GlobalSection(ProjectConfigurationPlatforms) = postSolution
		{BB24D99A-280F-4491-AA4B-5ACF090CCE01}.Debug|Any CPU.ActiveCfg = Debug|Any CPU
		{BB24D99A-280F-4491-AA4B-5ACF090CCE01}.Debug|Any CPU.Build.0 = Debug|Any CPU
		{BB24D99A-280F-4491-AA4B-5ACF090CCE01}.Release|Any CPU.ActiveCfg = Release|Any CPU
		{BB24D99A-280F-4491-AA4B-5ACF090CCE01}.Release|Any CPU.Build.0 = Release|Any CPU
	EndGlobalSection
	GlobalSection(SolutionProperties) = preSolution
		HideSolutionNode = FALSE
	EndGlobalSection
	GlobalSection(ExtensibilityGlobals) = postSolution
		SolutionGuid = {894BD886-BAC8-465B-B5D4-B3D469B7FD9E}
	EndGlobalSection
EndGlobal
